
Microsoft Visual Studio Solution File, Format Version 12.00
# Visual Studio Version 17
VisualStudioVersion = 17.6.33801.468
MinimumVisualStudioVersion = 10.0.40219.1
Project("{9A19103F-16F7-4668-BE54-9A1E7A4F7556}") = "CarRental.Storage", "CarRental.Storage.csproj", "{B1F0BC6F-AB91-4587-861E-563DDF9B689C}"
EndProject
Project("{9A19103F-16F7-4668-BE54-9A1E7A4F7556}") = "CarRental.Service", "..\CarRental.Service\CarRental.Service.csproj", "{1D63EAE6-8DF6-4640-8276-E071E1CF7447}"
	ProjectSection(ProjectDependencies) = postProject
		{B1F0BC6F-AB91-4587-861E-563DDF9B689C} = {B1F0BC6F-AB91-4587-861E-563DDF9B689C}
	EndProjectSection
EndProject
Project("{9A19103F-16F7-4668-BE54-9A1E7A4F7556}") = "CarRentalUIMVC", "..\CarRentalUIMVC\CarRentalUIMVC.csproj", "{C382DA6E-31A0-46A2-9889-66060DA419CA}"
	ProjectSection(ProjectDependencies) = postProject
		{1D63EAE6-8DF6-4640-8276-E071E1CF7447} = {1D63EAE6-8DF6-4640-8276-E071E1CF7447}
		{B1F0BC6F-AB91-4587-861E-563DDF9B689C} = {B1F0BC6F-AB91-4587-861E-563DDF9B689C}
	EndProjectSection
EndProject
Global
	GlobalSection(SolutionConfigurationPlatforms) = preSolution
		Debug|Any CPU = Debug|Any CPU
		Release|Any CPU = Release|Any CPU
	EndGlobalSection
	GlobalSection(ProjectConfigurationPlatforms) = postSolution
		{B1F0BC6F-AB91-4587-861E-563DDF9B689C}.Debug|Any CPU.ActiveCfg = Debug|Any CPU
		{B1F0BC6F-AB91-4587-861E-563DDF9B689C}.Debug|Any CPU.Build.0 = Debug|Any CPU
		{B1F0BC6F-AB91-4587-861E-563DDF9B689C}.Release|Any CPU.ActiveCfg = Release|Any CPU
		{B1F0BC6F-AB91-4587-861E-563DDF9B689C}.Release|Any CPU.Build.0 = Release|Any CPU
		{1D63EAE6-8DF6-4640-8276-E071E1CF7447}.Debug|Any CPU.ActiveCfg = Debug|Any CPU
		{1D63EAE6-8DF6-4640-8276-E071E1CF7447}.Debug|Any CPU.Build.0 = Debug|Any CPU
		{1D63EAE6-8DF6-4640-8276-E071E1CF7447}.Release|Any CPU.ActiveCfg = Release|Any CPU
		{1D63EAE6-8DF6-4640-8276-E071E1CF7447}.Release|Any CPU.Build.0 = Release|Any CPU
		{C382DA6E-31A0-46A2-9889-66060DA419CA}.Debug|Any CPU.ActiveCfg = Debug|Any CPU
		{C382DA6E-31A0-46A2-9889-66060DA419CA}.Debug|Any CPU.Build.0 = Debug|Any CPU
		{C382DA6E-31A0-46A2-9889-66060DA419CA}.Release|Any CPU.ActiveCfg = Release|Any CPU
		{C382DA6E-31A0-46A2-9889-66060DA419CA}.Release|Any CPU.Build.0 = Release|Any CPU
	EndGlobalSection
	GlobalSection(SolutionProperties) = preSolution
		HideSolutionNode = FALSE
	EndGlobalSection
	GlobalSection(ExtensibilityGlobals) = postSolution
		SolutionGuid = {AB86445B-77BE-4B36-8ED5-9C95B3D1A0EC}
	EndGlobalSection
EndGlobal
